// !$*UTF8*$!
{
	archiveVersion = 1;
	classes = {
	};
	objectVersion = 46;
	objects = {

/* Begin PBXBuildFile section */
		843BC5031F49531500CB0602 /* AppDelegate.swift in Sources */ = {isa = PBXBuildFile; fileRef = 843BC5021F49531500CB0602 /* AppDelegate.swift */; };
		843BC5051F49531500CB0602 /* ViewController.swift in Sources */ = {isa = PBXBuildFile; fileRef = 843BC5041F49531500CB0602 /* ViewController.swift */; };
		843BC5081F49531500CB0602 /* Main.storyboard in Resources */ = {isa = PBXBuildFile; fileRef = 843BC5061F49531500CB0602 /* Main.storyboard */; };
		843BC50A1F49531500CB0602 /* Assets.xcassets in Resources */ = {isa = PBXBuildFile; fileRef = 843BC5091F49531500CB0602 /* Assets.xcassets */; };
		843BC50D1F49531500CB0602 /* LaunchScreen.storyboard in Resources */ = {isa = PBXBuildFile; fileRef = 843BC50B1F49531500CB0602 /* LaunchScreen.storyboard */; };
		843BC56A1F49A41500CB0602 /* MyTcpSocketServer.swift in Sources */ = {isa = PBXBuildFile; fileRef = 843BC5641F49A41500CB0602 /* MyTcpSocketServer.swift */; };
		843BC56B1F49A41500CB0602 /* ysocket.swift in Sources */ = {isa = PBXBuildFile; fileRef = 843BC5651F49A41500CB0602 /* ysocket.swift */; };
		843BC56C1F49A41500CB0602 /* ytcpsocket.c in Sources */ = {isa = PBXBuildFile; fileRef = 843BC5661F49A41500CB0602 /* ytcpsocket.c */; };
		843BC56D1F49A41500CB0602 /* ytcpsocket.swift in Sources */ = {isa = PBXBuildFile; fileRef = 843BC5671F49A41500CB0602 /* ytcpsocket.swift */; };
		843BC56E1F49A41500CB0602 /* yudpsocket.c in Sources */ = {isa = PBXBuildFile; fileRef = 843BC5681F49A41500CB0602 /* yudpsocket.c */; };
		843BC56F1F49A41500CB0602 /* yudpsocket.swift in Sources */ = {isa = PBXBuildFile; fileRef = 843BC5691F49A41500CB0602 /* yudpsocket.swift */; };
/* End PBXBuildFile section */

/* Begin PBXFileReference section */
		843BC4FF1F49531500CB0602 /* scoketTest.app */ = {isa = PBXFileReference; explicitFileType = wrapper.application; includeInIndex = 0; path = scoketTest.app; sourceTree = BUILT_PRODUCTS_DIR; };
		843BC5021F49531500CB0602 /* AppDelegate.swift */ = {isa = PBXFileReference; lastKnownFileType = sourcecode.swift; path = AppDelegate.swift; sourceTree = "<group>"; };
		843BC5041F49531500CB0602 /* ViewController.swift */ = {isa = PBXFileReference; lastKnownFileType = sourcecode.swift; path = ViewController.swift; sourceTree = "<group>"; };
		843BC5071F49531500CB0602 /* Base */ = {isa = PBXFileReference; lastKnownFileType = file.storyboard; name = Base; path = Base.lproj/Main.storyboard; sourceTree = "<group>"; };
		843BC5091F49531500CB0602 /* Assets.xcassets */ = {isa = PBXFileReference; lastKnownFileType = folder.assetcatalog; path = Assets.xcassets; sourceTree = "<group>"; };
		843BC50C1F49531500CB0602 /* Base */ = {isa = PBXFileReference; lastKnownFileType = file.storyboard; name = Base; path = Base.lproj/LaunchScreen.storyboard; sourceTree = "<group>"; };
		843BC50E1F49531500CB0602 /* Info.plist */ = {isa = PBXFileReference; lastKnownFileType = text.plist.xml; path = Info.plist; sourceTree = "<group>"; };
		843BC5641F49A41500CB0602 /* MyTcpSocketServer.swift */ = {isa = PBXFileReference; fileEncoding = 4; lastKnownFileType = sourcecode.swift; path = MyTcpSocketServer.swift; sourceTree = "<group>"; };
		843BC5651F49A41500CB0602 /* ysocket.swift */ = {isa = PBXFileReference; fileEncoding = 4; lastKnownFileType = sourcecode.swift; path = ysocket.swift; sourceTree = "<group>"; };
		843BC5661F49A41500CB0602 /* ytcpsocket.c */ = {isa = PBXFileReference; fileEncoding = 4; lastKnownFileType = sourcecode.c.c; path = ytcpsocket.c; sourceTree = "<group>"; };
		843BC5671F49A41500CB0602 /* ytcpsocket.swift */ = {isa = PBXFileReference; fileEncoding = 4; lastKnownFileType = sourcecode.swift; path = ytcpsocket.swift; sourceTree = "<group>"; };
		843BC5681F49A41500CB0602 /* yudpsocket.c */ = {isa = PBXFileReference; fileEncoding = 4; lastKnownFileType = sourcecode.c.c; path = yudpsocket.c; sourceTree = "<group>"; };
		843BC5691F49A41500CB0602 /* yudpsocket.swift */ = {isa = PBXFileReference; fileEncoding = 4; lastKnownFileType = sourcecode.swift; path = yudpsocket.swift; sourceTree = "<group>"; };
/* End PBXFileReference section */

/* Begin PBXFrameworksBuildPhase section */
		843BC4FC1F49531500CB0602 /* Frameworks */ = {
			isa = PBXFrameworksBuildPhase;
			buildActionMask = 2147483647;
			files = (
			);
			runOnlyForDeploymentPostprocessing = 0;
		};
/* End PBXFrameworksBuildPhase section */

/* Begin PBXGroup section */
		843BC4F61F49531400CB0602 = {
			isa = PBXGroup;
			children = (
				843BC5011F49531500CB0602 /* scoketTest */,
				843BC5001F49531500CB0602 /* Products */,
			);
			sourceTree = "<group>";
		};
		843BC5001F49531500CB0602 /* Products */ = {
			isa = PBXGroup;
			children = (
				843BC4FF1F49531500CB0602 /* scoketTest.app */,
			);
			name = Products;
			sourceTree = "<group>";
		};
		843BC5011F49531500CB0602 /* scoketTest */ = {
			isa = PBXGroup;
			children = (
				843BC5631F49A41500CB0602 /* ysocket的副本 */,
				843BC5021F49531500CB0602 /* AppDelegate.swift */,
				843BC5041F49531500CB0602 /* ViewController.swift */,
				843BC5061F49531500CB0602 /* Main.storyboard */,
				843BC5091F49531500CB0602 /* Assets.xcassets */,
				843BC50B1F49531500CB0602 /* LaunchScreen.storyboard */,
				843BC50E1F49531500CB0602 /* Info.plist */,
			);
			path = scoketTest;
			sourceTree = "<group>";
		};
		843BC5631F49A41500CB0602 /* ysocket的副本 */ = {
			isa = PBXGroup;
			children = (
				843BC5641F49A41500CB0602 /* MyTcpSocketServer.swift */,
				843BC5651F49A41500CB0602 /* ysocket.swift */,
				843BC5661F49A41500CB0602 /* ytcpsocket.c */,
				843BC5671F49A41500CB0602 /* ytcpsocket.swift */,
				843BC5681F49A41500CB0602 /* yudpsocket.c */,
				843BC5691F49A41500CB0602 /* yudpsocket.swift */,
			);
			path = "ysocket的副本";
			sourceTree = "<group>";
		};
/* End PBXGroup section */

/* Begin PBXNativeTarget section */
		843BC4FE1F49531500CB0602 /* scoketTest */ = {
			isa = PBXNativeTarget;
			buildConfigurationList = 843BC5111F49531500CB0602 /* Build configuration list for PBXNativeTarget "scoketTest" */;
			buildPhases = (
				843BC4FB1F49531500CB0602 /* Sources */,
				843BC4FC1F49531500CB0602 /* Frameworks */,
				843BC4FD1F49531500CB0602 /* Resources */,
			);
			buildRules = (
			);
			dependencies = (
			);
			name = scoketTest;
			productName = scoketTest;
			productReference = 843BC4FF1F49531500CB0602 /* scoketTest.app */;
			productType = "com.apple.product-type.application";
		};
/* End PBXNativeTarget section */

/* Begin PBXProject section */
		843BC4F71F49531400CB0602 /* Project object */ = {
			isa = PBXProject;
			attributes = {
				LastSwiftUpdateCheck = 0830;
				LastUpgradeCheck = 0830;
				ORGANIZATIONNAME = L;
				TargetAttributes = {
					843BC4FE1F49531500CB0602 = {
						CreatedOnToolsVersion = 8.3;
						ProvisioningStyle = Automatic;
					};
				};
			};
			buildConfigurationList = 843BC4FA1F49531400CB0602 /* Build configuration list for PBXProject "scoketTest" */;
			compatibilityVersion = "Xcode 3.2";
			developmentRegion = English;
			hasScannedForEncodings = 0;
			knownRegions = (
				en,
				Base,
			);
			mainGroup = 843BC4F61F49531400CB0602;
			productRefGroup = 843BC5001F49531500CB0602 /* Products */;
			projectDirPath = "";
			projectRoot = "";
			targets = (
				843BC4FE1F49531500CB0602 /* scoketTest */,
			);
		};
/* End PBXProject section */

/* Begin PBXResourcesBuildPhase section */
		843BC4FD1F49531500CB0602 /* Resources */ = {
			isa = PBXResourcesBuildPhase;
			buildActionMask = 2147483647;
			files = (
				843BC50D1F49531500CB0602 /* LaunchScreen.storyboard in Resources */,
				843BC50A1F49531500CB0602 /* Assets.xcassets in Resources */,
				843BC5081F49531500CB0602 /* Main.storyboard in Resources */,
			);
			runOnlyForDeploymentPostprocessing = 0;
		};
/* End PBXResourcesBuildPhase section */

/* Begin PBXSourcesBuildPhase section */
		843BC4FB1F49531500CB0602 /* Sources */ = {
			isa = PBXSourcesBuildPhase;
			buildActionMask = 2147483647;
			files = (
				843BC56D1F49A41500CB0602 /* ytcpsocket.swift in Sources */,
				843BC5051F49531500CB0602 /* ViewController.swift in Sources */,
				843BC56A1F49A41500CB0602 /* MyTcpSocketServer.swift in Sources */,
				843BC56B1F49A41500CB0602 /* ysocket.swift in Sources */,
				843BC5031F49531500CB0602 /* AppDelegate.swift in Sources */,
				843BC56C1F49A41500CB0602 /* ytcpsocket.c in Sources */,
				843BC56F1F49A41500CB0602 /* yudpsocket.swift in Sources */,
				843BC56E1F49A41500CB0602 /* yudpsocket.c in Sources */,
			);
			runOnlyForDeploymentPostprocessing = 0;
		};
/* End PBXSourcesBuildPhase section */

/* Begin PBXVariantGroup section */
		843BC5061F49531500CB0602 /* Main.storyboard */ = {
			isa = PBXVariantGroup;
			children = (
				843BC5071F49531500CB0602 /* Base */,
			);
			name = Main.storyboard;
			sourceTree = "<group>";
		};
		843BC50B1F49531500CB0602 /* LaunchScreen.storyboard */ = {
			isa = PBXVariantGroup;
			children = (
				843BC50C1F49531500CB0602 /* Base */,
			);
			name = LaunchScreen.storyboard;
			sourceTree = "<group>";
		};
/* End PBXVariantGroup section */

/* Begin XCBuildConfiguration section */
		843BC50F1F49531500CB0602 /* Debug */ = {
			isa = XCBuildConfiguration;
			buildSettings = {
				ALWAYS_SEARCH_USER_PATHS = NO;
				CLANG_ANALYZER_NONNULL = YES;
				CLANG_ANALYZER_NUMBER_OBJECT_CONVERSION = YES_AGGRESSIVE;
				CLANG_CXX_LANGUAGE_STANDARD = "gnu++0x";
				CLANG_CXX_LIBRARY = "libc++";
				CLANG_ENABLE_MODULES = YES;
				CLANG_ENABLE_OBJC_ARC = YES;
				CLANG_WARN_BOOL_CONVERSION = YES;
				CLANG_WARN_CONSTANT_CONVERSION = YES;
				CLANG_WARN_DIRECT_OBJC_ISA_USAGE = YES_ERROR;
				CLANG_WARN_DOCUMENTATION_COMMENTS = YES;
				CLANG_WARN_EMPTY_BODY = YES;
				CLANG_WARN_ENUM_CONVERSION = YES;
				CLANG_WARN_INFINITE_RECURSION = YES;
				CLANG_WARN_INT_CONVERSION = YES;
				CLANG_WARN_OBJC_ROOT_CLASS = YES_ERROR;
				CLANG_WARN_SUSPICIOUS_MOVE = YES;
				CLANG_WARN_UNREACHABLE_CODE = YES;
				CLANG_WARN__DUPLICATE_METHOD_MATCH = YES;
				"CODE_SIGN_IDENTITY[sdk=iphoneos*]" = "iPhone Developer";
				COPY_PHASE_STRIP = NO;
				DEBUG_INFORMATION_FORMAT = dwarf;
				ENABLE_STRICT_OBJC_MSGSEND = YES;
				ENABLE_TESTABILITY = YES;
				GCC_C_LANGUAGE_STANDARD = gnu99;
				GCC_DYNAMIC_NO_PIC = NO;
				GCC_NO_COMMON_BLOCKS = YES;
				GCC_OPTIMIZATION_LEVEL = 0;
				GCC_PREPROCESSOR_DEFINITIONS = (
					"DEBUG=1",
					"$(inherited)",
				);
				GCC_WARN_64_TO_32_BIT_CONVERSION = YES;
				GCC_WARN_ABOUT_RETURN_TYPE = YES_ERROR;
				GCC_WARN_UNDECLARED_SELECTOR = YES;
				GCC_WARN_UNINITIALIZED_AUTOS = YES_AGGRESSIVE;
				GCC_WARN_UNUSED_FUNCTION = YES;
				GCC_WARN_UNUSED_VARIABLE = YES;
				IPHONEOS_DEPLOYMENT_TARGET = 10.3;
				MTL_ENABLE_DEBUG_INFO = YES;
				ONLY_ACTIVE_ARCH = YES;
				SDKROOT = iphoneos;
				SWIFT_ACTIVE_COMPILATION_CONDITIONS = DEBUG;
				SWIFT_OPTIMIZATION_LEVEL = "-Onone";
				TARGETED_DEVICE_FAMILY = "1,2";
			};
			name = Debug;
		};
		843BC5101F49531500CB0602 /* Release */ = {
			isa = XCBuildConfiguration;
			buildSettings = {
				ALWAYS_SEARCH_USER_PATHS = NO;
				CLANG_ANALYZER_NONNULL = YES;
				CLANG_ANALYZER_NUMBER_OBJECT_CONVERSION = YES_AGGRESSIVE;
				CLANG_CXX_LANGUAGE_STANDARD = "gnu++0x";
				CLANG_CXX_LIBRARY = "libc++";
				CLANG_ENABLE_MODULES = YES;
				CLANG_ENABLE_OBJC_ARC = YES;
				CLANG_WARN_BOOL_CONVERSION = YES;
				CLANG_WARN_CONSTANT_CONVERSION = YES;
				CLANG_WARN_DIRECT_OBJC_ISA_USAGE = YES_ERROR;
				CLANG_WARN_DOCUMENTATION_COMMENTS = YES;
				CLANG_WARN_EMPTY_BODY = YES;
				CLANG_WARN_ENUM_CONVERSION = YES;
				CLANG_WARN_INFINITE_RECURSION = YES;
				CLANG_WARN_INT_CONVERSION = YES;
				CLANG_WARN_OBJC_ROOT_CLASS = YES_ERROR;
				CLANG_WARN_SUSPICIOUS_MOVE = YES;
				CLANG_WARN_UNREACHABLE_CODE = YES;
				CLANG_WARN__DUPLICATE_METHOD_MATCH = YES;
				"CODE_SIGN_IDENTITY[sdk=iphoneos*]" = "iPhone Developer";
				COPY_PHASE_STRIP = NO;
				DEBUG_INFORMATION_FORMAT = "dwarf-with-dsym";
				ENABLE_NS_ASSERTIONS = NO;
				ENABLE_STRICT_OBJC_MSGSEND = YES;
				GCC_C_LANGUAGE_STANDARD = gnu99;
				GCC_NO_COMMON_BLOCKS = YES;
				GCC_WARN_64_TO_32_BIT_CONVERSION = YES;
				GCC_WARN_ABOUT_RETURN_TYPE = YES_ERROR;
				GCC_WARN_UNDECLARED_SELECTOR = YES;
				GCC_WARN_UNINITIALIZED_AUTOS = YES_AGGRESSIVE;
				GCC_WARN_UNUSED_FUNCTION = YES;
				GCC_WARN_UNUSED_VARIABLE = YES;
				IPHONEOS_DEPLOYMENT_TARGET = 10.3;
				MTL_ENABLE_DEBUG_INFO = NO;
				SDKROOT = iphoneos;
				SWIFT_OPTIMIZATION_LEVEL = "-Owholemodule";
				TARGETED_DEVICE_FAMILY = "1,2";
				VALIDATE_PRODUCT = YES;
			};
			name = Release;
		};
		843BC5121F49531500CB0602 /* Debug */ = {
			isa = XCBuildConfiguration;
			buildSettings = {
				ASSETCATALOG_COMPILER_APPICON_NAME = AppIcon;
				INFOPLIST_FILE = scoketTest/Info.plist;
				LD_RUNPATH_SEARCH_PATHS = "$(inherited) @executable_path/Frameworks";
				PRODUCT_BUNDLE_IDENTIFIER = bloc.io.scoketTest;
				PRODUCT_NAME = "$(TARGET_NAME)";
				SWIFT_VERSION = 3.0;
			};
			name = Debug;
		};
		843BC5131F49531500CB0602 /* Release */ = {
			isa = XCBuildConfiguration;
			buildSettings = {
				ASSETCATALOG_COMPILER_APPICON_NAME = AppIcon;
				INFOPLIST_FILE = scoketTest/Info.plist;
				LD_RUNPATH_SEARCH_PATHS = "$(inherited) @executable_path/Frameworks";
				PRODUCT_BUNDLE_IDENTIFIER = bloc.io.scoketTest;
				PRODUCT_NAME = "$(TARGET_NAME)";
				SWIFT_VERSION = 3.0;
			};
			name = Release;
		};
/* End XCBuildConfiguration section */

/* Begin XCConfigurationList section */
		843BC4FA1F49531400CB0602 /* Build configuration list for PBXProject "scoketTest" */ = {
			isa = XCConfigurationList;
			buildConfigurations = (
				843BC50F1F49531500CB0602 /* Debug */,
				843BC5101F49531500CB0602 /* Release */,
			);
			defaultConfigurationIsVisible = 0;
			defaultConfigurationName = Release;
		};
		843BC5111F49531500CB0602 /* Build configuration list for PBXNativeTarget "scoketTest" */ = {
			isa = XCConfigurationList;
			buildConfigurations = (
				843BC5121F49531500CB0602 /* Debug */,
				843BC5131F49531500CB0602 /* Release */,
			);
			defaultConfigurationIsVisible = 0;
		};
/* End XCConfigurationList section */
	};
	rootObject = 843BC4F71F49531400CB0602 /* Project object */;
}
